
Microsoft Visual Studio Solution File, Format Version 12.00
# Visual Studio 15
VisualStudioVersion = 15.0.26124.0
MinimumVisualStudioVersion = 15.0.26124.0
Project("{2150E333-8FDC-42A3-9474-1A3956D46DE8}") = "src", "src", "{E6605D0F-0550-45CE-9917-DD7BB9EA564A}"
EndProject
Project("{F2A71F9B-5D33-465A-A702-920D77279786}") = "Base", "src\base\Base.fsproj", "{74687204-0993-493D-B5CC-7722D8592A7C}"
EndProject
Project("{2150E333-8FDC-42A3-9474-1A3956D46DE8}") = "tests", "tests", "{EC68A1CF-8799-4402-86DB-8F0AF56453C8}"
EndProject
Project("{F2A71F9B-5D33-465A-A702-920D77279786}") = "BaseTests", "tests\base_tests\BaseTests.fsproj", "{BF9AE0C8-83C6-4756-A3FA-A76720B71C9D}"
EndProject
Global
	GlobalSection(SolutionConfigurationPlatforms) = preSolution
		Debug|Any CPU = Debug|Any CPU
		Debug|x64 = Debug|x64
		Debug|x86 = Debug|x86
		Release|Any CPU = Release|Any CPU
		Release|x64 = Release|x64
		Release|x86 = Release|x86
	EndGlobalSection
	GlobalSection(SolutionProperties) = preSolution
		HideSolutionNode = FALSE
	EndGlobalSection
	GlobalSection(ProjectConfigurationPlatforms) = postSolution
		{74687204-0993-493D-B5CC-7722D8592A7C}.Debug|Any CPU.ActiveCfg = Debug|Any CPU
		{74687204-0993-493D-B5CC-7722D8592A7C}.Debug|Any CPU.Build.0 = Debug|Any CPU
		{74687204-0993-493D-B5CC-7722D8592A7C}.Debug|x64.ActiveCfg = Debug|Any CPU
		{74687204-0993-493D-B5CC-7722D8592A7C}.Debug|x64.Build.0 = Debug|Any CPU
		{74687204-0993-493D-B5CC-7722D8592A7C}.Debug|x86.ActiveCfg = Debug|Any CPU
		{74687204-0993-493D-B5CC-7722D8592A7C}.Debug|x86.Build.0 = Debug|Any CPU
		{74687204-0993-493D-B5CC-7722D8592A7C}.Release|Any CPU.ActiveCfg = Release|Any CPU
		{74687204-0993-493D-B5CC-7722D8592A7C}.Release|Any CPU.Build.0 = Release|Any CPU
		{74687204-0993-493D-B5CC-7722D8592A7C}.Release|x64.ActiveCfg = Release|Any CPU
		{74687204-0993-493D-B5CC-7722D8592A7C}.Release|x64.Build.0 = Release|Any CPU
		{74687204-0993-493D-B5CC-7722D8592A7C}.Release|x86.ActiveCfg = Release|Any CPU
		{74687204-0993-493D-B5CC-7722D8592A7C}.Release|x86.Build.0 = Release|Any CPU
		{BF9AE0C8-83C6-4756-A3FA-A76720B71C9D}.Debug|Any CPU.ActiveCfg = Debug|Any CPU
		{BF9AE0C8-83C6-4756-A3FA-A76720B71C9D}.Debug|Any CPU.Build.0 = Debug|Any CPU
		{BF9AE0C8-83C6-4756-A3FA-A76720B71C9D}.Debug|x64.ActiveCfg = Debug|Any CPU
		{BF9AE0C8-83C6-4756-A3FA-A76720B71C9D}.Debug|x64.Build.0 = Debug|Any CPU
		{BF9AE0C8-83C6-4756-A3FA-A76720B71C9D}.Debug|x86.ActiveCfg = Debug|Any CPU
		{BF9AE0C8-83C6-4756-A3FA-A76720B71C9D}.Debug|x86.Build.0 = Debug|Any CPU
		{BF9AE0C8-83C6-4756-A3FA-A76720B71C9D}.Release|Any CPU.ActiveCfg = Release|Any CPU
		{BF9AE0C8-83C6-4756-A3FA-A76720B71C9D}.Release|Any CPU.Build.0 = Release|Any CPU
		{BF9AE0C8-83C6-4756-A3FA-A76720B71C9D}.Release|x64.ActiveCfg = Release|Any CPU
		{BF9AE0C8-83C6-4756-A3FA-A76720B71C9D}.Release|x64.Build.0 = Release|Any CPU
		{BF9AE0C8-83C6-4756-A3FA-A76720B71C9D}.Release|x86.ActiveCfg = Release|Any CPU
		{BF9AE0C8-83C6-4756-A3FA-A76720B71C9D}.Release|x86.Build.0 = Release|Any CPU
	EndGlobalSection
	GlobalSection(NestedProjects) = preSolution
		{74687204-0993-493D-B5CC-7722D8592A7C} = {E6605D0F-0550-45CE-9917-DD7BB9EA564A}
		{BF9AE0C8-83C6-4756-A3FA-A76720B71C9D} = {EC68A1CF-8799-4402-86DB-8F0AF56453C8}
	EndGlobalSection
EndGlobal
